lockfileVersion: '9.0'

settings:
  autoInstallPeers: true
  excludeLinksFromLockfile: false

importers:

  .:
    dependencies:
      csv-stringify:
        specifier: ^6.5.2
        version: 6.8.0
      dotenv:
        specifier: ^16.4.7
        version: 16.6.1

packages:

  csv-stringify@6.8.0:
    resolution: {integrity: sha512-Ya0OOHb6XbgPaZKH7dcdmwXe3azUS0TwmlbVdS75HoAhnHApSkiQcfEJoC/s5WwGsrXwOjBDr3FTmCZPjkssgg==}

  dotenv@16.6.1:
    resolution: {integrity: sha512-uBq4egWHTcTt33a72vpSG0z3HnPuIl6NqYcTrKEg2azoEyl2hpW0zqlxysq2pK9HlDIHyHyakeYaYnSAwd8bow==}
    engines: {node: '>=12'}

snapshots:

  csv-stringify@6.8.0: {}

  dotenv@16.6.1: {}
